
Microsoft Visual Studio Solution File, Format Version 11.00
# Visual Studio 2010
Project("{FAE04EC0-301F-11D3-BF4B-00C04F79EFBC}") = "Mr.Unfortunate", "Assembly-CSharp.csproj", "{DA9113F6-C2B3-45C2-6FD4-E5327C14FCC9}"
EndProject
Project("{FAE04EC0-301F-11D3-BF4B-00C04F79EFBC}") = "Mr.Unfortunate", "Assembly-CSharp-Editor.csproj", "{953C96EC-DB6B-B6BF-0E60-20AFD83D73B0}"
EndProject
Global
	GlobalSection(SolutionConfigurationPlatforms) = preSolution
		Debug|Any CPU = Debug|Any CPU
		Release|Any CPU = Release|Any CPU
	EndGlobalSection
	GlobalSection(ProjectConfigurationPlatforms) = postSolution
		{DA9113F6-C2B3-45C2-6FD4-E5327C14FCC9}.Debug|Any CPU.ActiveCfg = Debug|Any CPU
		{DA9113F6-C2B3-45C2-6FD4-E5327C14FCC9}.Debug|Any CPU.Build.0 = Debug|Any CPU
		{DA9113F6-C2B3-45C2-6FD4-E5327C14FCC9}.Release|Any CPU.ActiveCfg = Release|Any CPU
		{DA9113F6-C2B3-45C2-6FD4-E5327C14FCC9}.Release|Any CPU.Build.0 = Release|Any CPU
		{953C96EC-DB6B-B6BF-0E60-20AFD83D73B0}.Debug|Any CPU.ActiveCfg = Debug|Any CPU
		{953C96EC-DB6B-B6BF-0E60-20AFD83D73B0}.Debug|Any CPU.Build.0 = Debug|Any CPU
		{953C96EC-DB6B-B6BF-0E60-20AFD83D73B0}.Release|Any CPU.ActiveCfg = Release|Any CPU
		{953C96EC-DB6B-B6BF-0E60-20AFD83D73B0}.Release|Any CPU.Build.0 = Release|Any CPU
	EndGlobalSection
	GlobalSection(SolutionProperties) = preSolution
		HideSolutionNode = FALSE
	EndGlobalSection
	GlobalSection(MonoDevelopProperties) = preSolution
		StartupItem = Assembly-CSharp.csproj
	EndGlobalSection
EndGlobal
